{
  "markbot": "ec59d462695cbffe73b9f868d582a954489a9bf8b7e550ddf8055f9599f92099",
  "markbotignore": "030a4e6e1b3b6b510514a7ae54576e2c2ef762d56236c6414ef634955d96a126",
  "index-320.png": "1e9c056d245eb20743f1f23bec2c5d1d09ac45218d53435fd6fa884f4cc7e1b2",
  "index-400.png": "4370cdd424225eb84f4efd0f42ab71827b03f1c9a2e9a394209d425a269ffdaf",
  "index-608.png": "dea2d3487c0384b791317a8d047f9a23e42c8d5bd98f17db8f0428af029deb14",
  "index-960.png": "c582111b6dc22f54e66b41d64f342387abecc46e00a9507d4fcde0efca68d491",
  "index-1440.png": "b25ecdbb3c6dff63df30d2fafcf7507bc6f1857c51a88cce4e6d21932c33a360"
}